// !$*UTF8*$!
{
	archiveVersion = 1;
	classes = {
	};
	objectVersion = 50;
	objects = {

/* Begin PBXBuildFile section */
		A4F0E9B3245533B200361E04 /* ExampleTableController.swift in Sources */ = {isa = PBXBuildFile; fileRef = A4F0E9B2245533B200361E04 /* ExampleTableController.swift */; };
		A4FE4F6B24528AFC00FC183C /* AppDelegate.swift in Sources */ = {isa = PBXBuildFile; fileRef = A4FE4F6A24528AFC00FC183C /* AppDelegate.swift */; };
		A4FE4F6D24528AFC00FC183C /* SceneDelegate.swift in Sources */ = {isa = PBXBuildFile; fileRef = A4FE4F6C24528AFC00FC183C /* SceneDelegate.swift */; };
		A4FE4F6F24528AFC00FC183C /* ViewController.swift in Sources */ = {isa = PBXBuildFile; fileRef = A4FE4F6E24528AFC00FC183C /* ViewController.swift */; };
		A4FE4F7224528AFC00FC183C /* Main.storyboard in Resources */ = {isa = PBXBuildFile; fileRef = A4FE4F7024528AFC00FC183C /* Main.storyboard */; };
		A4FE4F7424528AFE00FC183C /* Assets.xcassets in Resources */ = {isa = PBXBuildFile; fileRef = A4FE4F7324528AFE00FC183C /* Assets.xcassets */; };
		A4FE4F7724528AFE00FC183C /* LaunchScreen.storyboard in Resources */ = {isa = PBXBuildFile; fileRef = A4FE4F7524528AFE00FC183C /* LaunchScreen.storyboard */; };
		A4FE4F8224528AFE00FC183C /* SeeMoreTextViewTests.swift in Sources */ = {isa = PBXBuildFile; fileRef = A4FE4F8124528AFE00FC183C /* SeeMoreTextViewTests.swift */; };
		A4FE4F9424528DC100FC183C /* SeeMoreTextView.swift in Sources */ = {isa = PBXBuildFile; fileRef = A4FE4F9324528DC100FC183C /* SeeMoreTextView.swift */; };
		A4FE4F962453197C00FC183C /* Extensions.swift in Sources */ = {isa = PBXBuildFile; fileRef = A4FE4F952453197C00FC183C /* Extensions.swift */; };
/* End PBXBuildFile section */

/* Begin PBXContainerItemProxy section */
		A4FE4F7E24528AFE00FC183C /* PBXContainerItemProxy */ = {
			isa = PBXContainerItemProxy;
			containerPortal = A4FE4F5F24528AFC00FC183C /* Project object */;
			proxyType = 1;
			remoteGlobalIDString = A4FE4F6624528AFC00FC183C;
			remoteInfo = SeeMoreTextView;
		};
/* End PBXContainerItemProxy section */

/* Begin PBXFileReference section */
		A4F0E9B2245533B200361E04 /* ExampleTableController.swift */ = {isa = PBXFileReference; lastKnownFileType = sourcecode.swift; path = ExampleTableController.swift; sourceTree = "<group>"; };
		A4FE4F6724528AFC00FC183C /* SeeMoreTextView.app */ = {isa = PBXFileReference; explicitFileType = wrapper.application; includeInIndex = 0; path = SeeMoreTextView.app; sourceTree = BUILT_PRODUCTS_DIR; };
		A4FE4F6A24528AFC00FC183C /* AppDelegate.swift */ = {isa = PBXFileReference; lastKnownFileType = sourcecode.swift; path = AppDelegate.swift; sourceTree = "<group>"; };
		A4FE4F6C24528AFC00FC183C /* SceneDelegate.swift */ = {isa = PBXFileReference; lastKnownFileType = sourcecode.swift; path = SceneDelegate.swift; sourceTree = "<group>"; };
		A4FE4F6E24528AFC00FC183C /* ViewController.swift */ = {isa = PBXFileReference; lastKnownFileType = sourcecode.swift; path = ViewController.swift; sourceTree = "<group>"; };
		A4FE4F7124528AFC00FC183C /* Base */ = {isa = PBXFileReference; lastKnownFileType = file.storyboard; name = Base; path = Base.lproj/Main.storyboard; sourceTree = "<group>"; };
		A4FE4F7324528AFE00FC183C /* Assets.xcassets */ = {isa = PBXFileReference; lastKnownFileType = folder.assetcatalog; path = Assets.xcassets; sourceTree = "<group>"; };
		A4FE4F7624528AFE00FC183C /* Base */ = {isa = PBXFileReference; lastKnownFileType = file.storyboard; name = Base; path = Base.lproj/LaunchScreen.storyboard; sourceTree = "<group>"; };
		A4FE4F7824528AFE00FC183C /* Info.plist */ = {isa = PBXFileReference; lastKnownFileType = text.plist.xml; path = Info.plist; sourceTree = "<group>"; };
		A4FE4F7D24528AFE00FC183C /* SeeMoreTextViewTests.xctest */ = {isa = PBXFileReference; explicitFileType = wrapper.cfbundle; includeInIndex = 0; path = SeeMoreTextViewTests.xctest; sourceTree = BUILT_PRODUCTS_DIR; };
		A4FE4F8124528AFE00FC183C /* SeeMoreTextViewTests.swift */ = {isa = PBXFileReference; lastKnownFileType = sourcecode.swift; path = SeeMoreTextViewTests.swift; sourceTree = "<group>"; };
		A4FE4F8324528AFE00FC183C /* Info.plist */ = {isa = PBXFileReference; lastKnownFileType = text.plist.xml; path = Info.plist; sourceTree = "<group>"; };
		A4FE4F9324528DC100FC183C /* SeeMoreTextView.swift */ = {isa = PBXFileReference; lastKnownFileType = sourcecode.swift; path = SeeMoreTextView.swift; sourceTree = "<group>"; };
		A4FE4F952453197C00FC183C /* Extensions.swift */ = {isa = PBXFileReference; lastKnownFileType = sourcecode.swift; path = Extensions.swift; sourceTree = "<group>"; };
/* End PBXFileReference section */

/* Begin PBXFrameworksBuildPhase section */
		A4FE4F6424528AFC00FC183C /* Frameworks */ = {
			isa = PBXFrameworksBuildPhase;
			buildActionMask = 2147483647;
			files = (
			);
			runOnlyForDeploymentPostprocessing = 0;
		};
		A4FE4F7A24528AFE00FC183C /* Frameworks */ = {
			isa = PBXFrameworksBuildPhase;
			buildActionMask = 2147483647;
			files = (
			);
			runOnlyForDeploymentPostprocessing = 0;
		};
/* End PBXFrameworksBuildPhase section */

/* Begin PBXGroup section */
		A4FE4F5E24528AFC00FC183C = {
			isa = PBXGroup;
			children = (
				A4FE4F6924528AFC00FC183C /* SeeMoreTextView */,
				A4FE4F8024528AFE00FC183C /* SeeMoreTextViewTests */,
				A4FE4F6824528AFC00FC183C /* Products */,
			);
			sourceTree = "<group>";
		};
		A4FE4F6824528AFC00FC183C /* Products */ = {
			isa = PBXGroup;
			children = (
				A4FE4F6724528AFC00FC183C /* SeeMoreTextView.app */,
				A4FE4F7D24528AFE00FC183C /* SeeMoreTextViewTests.xctest */,
			);
			name = Products;
			sourceTree = "<group>";
		};
		A4FE4F6924528AFC00FC183C /* SeeMoreTextView */ = {
			isa = PBXGroup;
			children = (
				A4FE4F8C24528B6F00FC183C /* Sources */,
				A4FE4F6A24528AFC00FC183C /* AppDelegate.swift */,
				A4FE4F6C24528AFC00FC183C /* SceneDelegate.swift */,
				A4FE4F6E24528AFC00FC183C /* ViewController.swift */,
				A4FE4F7024528AFC00FC183C /* Main.storyboard */,
				A4FE4F7324528AFE00FC183C /* Assets.xcassets */,
				A4FE4F7524528AFE00FC183C /* LaunchScreen.storyboard */,
				A4FE4F7824528AFE00FC183C /* Info.plist */,
				A4F0E9B2245533B200361E04 /* ExampleTableController.swift */,
			);
			path = SeeMoreTextView;
			sourceTree = "<group>";
		};
		A4FE4F8024528AFE00FC183C /* SeeMoreTextViewTests */ = {
			isa = PBXGroup;
			children = (
				A4FE4F8124528AFE00FC183C /* SeeMoreTextViewTests.swift */,
				A4FE4F8324528AFE00FC183C /* Info.plist */,
			);
			path = SeeMoreTextViewTests;
			sourceTree = "<group>";
		};
		A4FE4F8C24528B6F00FC183C /* Sources */ = {
			isa = PBXGroup;
			children = (
				A4FE4F9324528DC100FC183C /* SeeMoreTextView.swift */,
				A4FE4F952453197C00FC183C /* Extensions.swift */,
			);
			path = Sources;
			sourceTree = "<group>";
		};
/* End PBXGroup section */

/* Begin PBXNativeTarget section */
		A4FE4F6624528AFC00FC183C /* SeeMoreTextView */ = {
			isa = PBXNativeTarget;
			buildConfigurationList = A4FE4F8624528AFE00FC183C /* Build configuration list for PBXNativeTarget "SeeMoreTextView" */;
			buildPhases = (
				A4FE4F6324528AFC00FC183C /* Sources */,
				A4FE4F6424528AFC00FC183C /* Frameworks */,
				A4FE4F6524528AFC00FC183C /* Resources */,
			);
			buildRules = (
			);
			dependencies = (
			);
			name = SeeMoreTextView;
			productName = SeeMoreTextView;
			productReference = A4FE4F6724528AFC00FC183C /* SeeMoreTextView.app */;
			productType = "com.apple.product-type.application";
		};
		A4FE4F7C24528AFE00FC183C /* SeeMoreTextViewTests */ = {
			isa = PBXNativeTarget;
			buildConfigurationList = A4FE4F8924528AFE00FC183C /* Build configuration list for PBXNativeTarget "SeeMoreTextViewTests" */;
			buildPhases = (
				A4FE4F7924528AFE00FC183C /* Sources */,
				A4FE4F7A24528AFE00FC183C /* Frameworks */,
				A4FE4F7B24528AFE00FC183C /* Resources */,
			);
			buildRules = (
			);
			dependencies = (
				A4FE4F7F24528AFE00FC183C /* PBXTargetDependency */,
			);
			name = SeeMoreTextViewTests;
			productName = SeeMoreTextViewTests;
			productReference = A4FE4F7D24528AFE00FC183C /* SeeMoreTextViewTests.xctest */;
			productType = "com.apple.product-type.bundle.unit-test";
		};
/* End PBXNativeTarget section */

/* Begin PBXProject section */
		A4FE4F5F24528AFC00FC183C /* Project object */ = {
			isa = PBXProject;
			attributes = {
				LastSwiftUpdateCheck = 1130;
				LastUpgradeCheck = 1130;
				ORGANIZATIONNAME = "Ankit Karna";
				TargetAttributes = {
					A4FE4F6624528AFC00FC183C = {
						CreatedOnToolsVersion = 11.3.1;
					};
					A4FE4F7C24528AFE00FC183C = {
						CreatedOnToolsVersion = 11.3.1;
						TestTargetID = A4FE4F6624528AFC00FC183C;
					};
				};
			};
			buildConfigurationList = A4FE4F6224528AFC00FC183C /* Build configuration list for PBXProject "SeeMoreTextView" */;
			compatibilityVersion = "Xcode 9.3";
			developmentRegion = en;
			hasScannedForEncodings = 0;
			knownRegions = (
				en,
				Base,
			);
			mainGroup = A4FE4F5E24528AFC00FC183C;
			productRefGroup = A4FE4F6824528AFC00FC183C /* Products */;
			projectDirPath = "";
			projectRoot = "";
			targets = (
				A4FE4F6624528AFC00FC183C /* SeeMoreTextView */,
				A4FE4F7C24528AFE00FC183C /* SeeMoreTextViewTests */,
			);
		};
/* End PBXProject section */

/* Begin PBXResourcesBuildPhase section */
		A4FE4F6524528AFC00FC183C /* Resources */ = {
			isa = PBXResourcesBuildPhase;
			buildActionMask = 2147483647;
			files = (
				A4FE4F7724528AFE00FC183C /* LaunchScreen.storyboard in Resources */,
				A4FE4F7424528AFE00FC183C /* Assets.xcassets in Resources */,
				A4FE4F7224528AFC00FC183C /* Main.storyboard in Resources */,
			);
			runOnlyForDeploymentPostprocessing = 0;
		};
		A4FE4F7B24528AFE00FC183C /* Resources */ = {
			isa = PBXResourcesBuildPhase;
			buildActionMask = 2147483647;
			files = (
			);
			runOnlyForDeploymentPostprocessing = 0;
		};
/* End PBXResourcesBuildPhase section */

/* Begin PBXSourcesBuildPhase section */
		A4FE4F6324528AFC00FC183C /* Sources */ = {
			isa = PBXSourcesBuildPhase;
			buildActionMask = 2147483647;
			files = (
				A4FE4F6F24528AFC00FC183C /* ViewController.swift in Sources */,
				A4FE4F962453197C00FC183C /* Extensions.swift in Sources */,
				A4FE4F6B24528AFC00FC183C /* AppDelegate.swift in Sources */,
				A4F0E9B3245533B200361E04 /* ExampleTableController.swift in Sources */,
				A4FE4F6D24528AFC00FC183C /* SceneDelegate.swift in Sources */,
				A4FE4F9424528DC100FC183C /* SeeMoreTextView.swift in Sources */,
			);
			runOnlyForDeploymentPostprocessing = 0;
		};
		A4FE4F7924528AFE00FC183C /* Sources */ = {
			isa = PBXSourcesBuildPhase;
			buildActionMask = 2147483647;
			files = (
				A4FE4F8224528AFE00FC183C /* SeeMoreTextViewTests.swift in Sources */,
			);
			runOnlyForDeploymentPostprocessing = 0;
		};
/* End PBXSourcesBuildPhase section */

/* Begin PBXTargetDependency section */
		A4FE4F7F24528AFE00FC183C /* PBXTargetDependency */ = {
			isa = PBXTargetDependency;
			target = A4FE4F6624528AFC00FC183C /* SeeMoreTextView */;
			targetProxy = A4FE4F7E24528AFE00FC183C /* PBXContainerItemProxy */;
		};
/* End PBXTargetDependency section */

/* Begin PBXVariantGroup section */
		A4FE4F7024528AFC00FC183C /* Main.storyboard */ = {
			isa = PBXVariantGroup;
			children = (
				A4FE4F7124528AFC00FC183C /* Base */,
			);
			name = Main.storyboard;
			sourceTree = "<group>";
		};
		A4FE4F7524528AFE00FC183C /* LaunchScreen.storyboard */ = {
			isa = PBXVariantGroup;
			children = (
				A4FE4F7624528AFE00FC183C /* Base */,
			);
			name = LaunchScreen.storyboard;
			sourceTree = "<group>";
		};
/* End PBXVariantGroup section */

/* Begin XCBuildConfiguration section */
		A4FE4F8424528AFE00FC183C /* Debug */ = {
			isa = XCBuildConfiguration;
			buildSettings = {
				ALWAYS_SEARCH_USER_PATHS = NO;
				CLANG_ANALYZER_NONNULL = YES;
				CLANG_ANALYZER_NUMBER_OBJECT_CONVERSION = YES_AGGRESSIVE;
				CLANG_CXX_LANGUAGE_STANDARD = "gnu++14";
				CLANG_CXX_LIBRARY = "libc++";
				CLANG_ENABLE_MODULES = YES;
				CLANG_ENABLE_OBJC_ARC = YES;
				CLANG_ENABLE_OBJC_WEAK = YES;
				CLANG_WARN_BLOCK_CAPTURE_AUTORELEASING = YES;
				CLANG_WARN_BOOL_CONVERSION = YES;
				CLANG_WARN_COMMA = YES;
				CLANG_WARN_CONSTANT_CONVERSION = YES;
				CLANG_WARN_DEPRECATED_OBJC_IMPLEMENTATIONS = YES;
				CLANG_WARN_DIRECT_OBJC_ISA_USAGE = YES_ERROR;
				CLANG_WARN_DOCUMENTATION_COMMENTS = YES;
				CLANG_WARN_EMPTY_BODY = YES;
				CLANG_WARN_ENUM_CONVERSION = YES;
				CLANG_WARN_INFINITE_RECURSION = YES;
				CLANG_WARN_INT_CONVERSION = YES;
				CLANG_WARN_NON_LITERAL_NULL_CONVERSION = YES;
				CLANG_WARN_OBJC_IMPLICIT_RETAIN_SELF = YES;
				CLANG_WARN_OBJC_LITERAL_CONVERSION = YES;
				CLANG_WARN_OBJC_ROOT_CLASS = YES_ERROR;
				CLANG_WARN_RANGE_LOOP_ANALYSIS = YES;
				CLANG_WARN_STRICT_PROTOTYPES = YES;
				CLANG_WARN_SUSPICIOUS_MOVE = YES;
				CLANG_WARN_UNGUARDED_AVAILABILITY = YES_AGGRESSIVE;
				CLANG_WARN_UNREACHABLE_CODE = YES;
				CLANG_WARN__DUPLICATE_METHOD_MATCH = YES;
				COPY_PHASE_STRIP = NO;
				DEBUG_INFORMATION_FORMAT = dwarf;
				ENABLE_STRICT_OBJC_MSGSEND = YES;
				ENABLE_TESTABILITY = YES;
				GCC_C_LANGUAGE_STANDARD = gnu11;
				GCC_DYNAMIC_NO_PIC = NO;
				GCC_NO_COMMON_BLOCKS = YES;
				GCC_OPTIMIZATION_LEVEL = 0;
				GCC_PREPROCESSOR_DEFINITIONS = (
					"DEBUG=1",
					"$(inherited)",
				);
				GCC_WARN_64_TO_32_BIT_CONVERSION = YES;
				GCC_WARN_ABOUT_RETURN_TYPE = YES_ERROR;
				GCC_WARN_UNDECLARED_SELECTOR = YES;
				GCC_WARN_UNINITIALIZED_AUTOS = YES_AGGRESSIVE;
				GCC_WARN_UNUSED_FUNCTION = YES;
				GCC_WARN_UNUSED_VARIABLE = YES;
				IPHONEOS_DEPLOYMENT_TARGET = 13.2;
				MTL_ENABLE_DEBUG_INFO = INCLUDE_SOURCE;
				MTL_FAST_MATH = YES;
				ONLY_ACTIVE_ARCH = YES;
				SDKROOT = iphoneos;
				SWIFT_ACTIVE_COMPILATION_CONDITIONS = DEBUG;
				SWIFT_OPTIMIZATION_LEVEL = "-Onone";
			};
			name = Debug;
		};
		A4FE4F8524528AFE00FC183C /* Release */ = {
			isa = XCBuildConfiguration;
			buildSettings = {
				ALWAYS_SEARCH_USER_PATHS = NO;
				CLANG_ANALYZER_NONNULL = YES;
				CLANG_ANALYZER_NUMBER_OBJECT_CONVERSION = YES_AGGRESSIVE;
				CLANG_CXX_LANGUAGE_STANDARD = "gnu++14";
				CLANG_CXX_LIBRARY = "libc++";
				CLANG_ENABLE_MODULES = YES;
				CLANG_ENABLE_OBJC_ARC = YES;
				CLANG_ENABLE_OBJC_WEAK = YES;
				CLANG_WARN_BLOCK_CAPTURE_AUTORELEASING = YES;
				CLANG_WARN_BOOL_CONVERSION = YES;
				CLANG_WARN_COMMA = YES;
				CLANG_WARN_CONSTANT_CONVERSION = YES;
				CLANG_WARN_DEPRECATED_OBJC_IMPLEMENTATIONS = YES;
				CLANG_WARN_DIRECT_OBJC_ISA_USAGE = YES_ERROR;
				CLANG_WARN_DOCUMENTATION_COMMENTS = YES;
				CLANG_WARN_EMPTY_BODY = YES;
				CLANG_WARN_ENUM_CONVERSION = YES;
				CLANG_WARN_INFINITE_RECURSION = YES;
				CLANG_WARN_INT_CONVERSION = YES;
				CLANG_WARN_NON_LITERAL_NULL_CONVERSION = YES;
				CLANG_WARN_OBJC_IMPLICIT_RETAIN_SELF = YES;
				CLANG_WARN_OBJC_LITERAL_CONVERSION = YES;
				CLANG_WARN_OBJC_ROOT_CLASS = YES_ERROR;
				CLANG_WARN_RANGE_LOOP_ANALYSIS = YES;
				CLANG_WARN_STRICT_PROTOTYPES = YES;
				CLANG_WARN_SUSPICIOUS_MOVE = YES;
				CLANG_WARN_UNGUARDED_AVAILABILITY = YES_AGGRESSIVE;
				CLANG_WARN_UNREACHABLE_CODE = YES;
				CLANG_WARN__DUPLICATE_METHOD_MATCH = YES;
				COPY_PHASE_STRIP = NO;
				DEBUG_INFORMATION_FORMAT = "dwarf-with-dsym";
				ENABLE_NS_ASSERTIONS = NO;
				ENABLE_STRICT_OBJC_MSGSEND = YES;
				GCC_C_LANGUAGE_STANDARD = gnu11;
				GCC_NO_COMMON_BLOCKS = YES;
				GCC_WARN_64_TO_32_BIT_CONVERSION = YES;
				GCC_WARN_ABOUT_RETURN_TYPE = YES_ERROR;
				GCC_WARN_UNDECLARED_SELECTOR = YES;
				GCC_WARN_UNINITIALIZED_AUTOS = YES_AGGRESSIVE;
				GCC_WARN_UNUSED_FUNCTION = YES;
				GCC_WARN_UNUSED_VARIABLE = YES;
				IPHONEOS_DEPLOYMENT_TARGET = 13.2;
				MTL_ENABLE_DEBUG_INFO = NO;
				MTL_FAST_MATH = YES;
				SDKROOT = iphoneos;
				SWIFT_COMPILATION_MODE = wholemodule;
				SWIFT_OPTIMIZATION_LEVEL = "-O";
				VALIDATE_PRODUCT = YES;
			};
			name = Release;
		};
		A4FE4F8724528AFE00FC183C /* Debug */ = {
			isa = XCBuildConfiguration;
			buildSettings = {
				ASSETCATALOG_COMPILER_APPICON_NAME = AppIcon;
				CODE_SIGN_STYLE = Automatic;
				DEVELOPMENT_TEAM = H3AR6395W4;
				INFOPLIST_FILE = SeeMoreTextView/Info.plist;
				LD_RUNPATH_SEARCH_PATHS = (
					"$(inherited)",
					"@executable_path/Frameworks",
				);
				PRODUCT_BUNDLE_IDENTIFIER = com.ankit.SeeMoreTextView;
				PRODUCT_NAME = "$(TARGET_NAME)";
				SWIFT_VERSION = 5.0;
				TARGETED_DEVICE_FAMILY = "1,2";
			};
			name = Debug;
		};
		A4FE4F8824528AFE00FC183C /* Release */ = {
			isa = XCBuildConfiguration;
			buildSettings = {
				ASSETCATALOG_COMPILER_APPICON_NAME = AppIcon;
				CODE_SIGN_STYLE = Automatic;
				DEVELOPMENT_TEAM = H3AR6395W4;
				INFOPLIST_FILE = SeeMoreTextView/Info.plist;
				LD_RUNPATH_SEARCH_PATHS = (
					"$(inherited)",
					"@executable_path/Frameworks",
				);
				PRODUCT_BUNDLE_IDENTIFIER = com.ankit.SeeMoreTextView;
				PRODUCT_NAME = "$(TARGET_NAME)";
				SWIFT_VERSION = 5.0;
				TARGETED_DEVICE_FAMILY = "1,2";
			};
			name = Release;
		};
		A4FE4F8A24528AFE00FC183C /* Debug */ = {
			isa = XCBuildConfiguration;
			buildSettings = {
				ALWAYS_EMBED_SWIFT_STANDARD_LIBRARIES = YES;
				BUNDLE_LOADER = "$(TEST_HOST)";
				CODE_SIGN_STYLE = Automatic;
				DEVELOPMENT_TEAM = H3AR6395W4;
				INFOPLIST_FILE = SeeMoreTextViewTests/Info.plist;
				IPHONEOS_DEPLOYMENT_TARGET = 13.2;
				LD_RUNPATH_SEARCH_PATHS = (
					"$(inherited)",
					"@executable_path/Frameworks",
					"@loader_path/Frameworks",
				);
				PRODUCT_BUNDLE_IDENTIFIER = com.ankit.SeeMoreTextViewTests;
				PRODUCT_NAME = "$(TARGET_NAME)";
				SWIFT_VERSION = 5.0;
				TARGETED_DEVICE_FAMILY = "1,2";
				TEST_HOST = "$(BUILT_PRODUCTS_DIR)/SeeMoreTextView.app/SeeMoreTextView";
			};
			name = Debug;
		};
		A4FE4F8B24528AFE00FC183C /* Release */ = {
			isa = XCBuildConfiguration;
			buildSettings = {
				ALWAYS_EMBED_SWIFT_STANDARD_LIBRARIES = YES;
				BUNDLE_LOADER = "$(TEST_HOST)";
				CODE_SIGN_STYLE = Automatic;
				DEVELOPMENT_TEAM = H3AR6395W4;
				INFOPLIST_FILE = SeeMoreTextViewTests/Info.plist;
				IPHONEOS_DEPLOYMENT_TARGET = 13.2;
				LD_RUNPATH_SEARCH_PATHS = (
					"$(inherited)",
					"@executable_path/Frameworks",
					"@loader_path/Frameworks",
				);
				PRODUCT_BUNDLE_IDENTIFIER = com.ankit.SeeMoreTextViewTests;
				PRODUCT_NAME = "$(TARGET_NAME)";
				SWIFT_VERSION = 5.0;
				TARGETED_DEVICE_FAMILY = "1,2";
				TEST_HOST = "$(BUILT_PRODUCTS_DIR)/SeeMoreTextView.app/SeeMoreTextView";
			};
			name = Release;
		};
/* End XCBuildConfiguration section */

/* Begin XCConfigurationList section */
		A4FE4F6224528AFC00FC183C /* Build configuration list for PBXProject "SeeMoreTextView" */ = {
			isa = XCConfigurationList;
			buildConfigurations = (
				A4FE4F8424528AFE00FC183C /* Debug */,
				A4FE4F8524528AFE00FC183C /* Release */,
			);
			defaultConfigurationIsVisible = 0;
			defaultConfigurationName = Release;
		};
		A4FE4F8624528AFE00FC183C /* Build configuration list for PBXNativeTarget "SeeMoreTextView" */ = {
			isa = XCConfigurationList;
			buildConfigurations = (
				A4FE4F8724528AFE00FC183C /* Debug */,
				A4FE4F8824528AFE00FC183C /* Release */,
			);
			defaultConfigurationIsVisible = 0;
			defaultConfigurationName = Release;
		};
		A4FE4F8924528AFE00FC183C /* Build configuration list for PBXNativeTarget "SeeMoreTextViewTests" */ = {
			isa = XCConfigurationList;
			buildConfigurations = (
				A4FE4F8A24528AFE00FC183C /* Debug */,
				A4FE4F8B24528AFE00FC183C /* Release */,
			);
			defaultConfigurationIsVisible = 0;
			defaultConfigurationName = Release;
		};
/* End XCConfigurationList section */
	};
	rootObject = A4FE4F5F24528AFC00FC183C /* Project object */;
}
